
Microsoft Visual Studio Solution File, Format Version 12.00
# Visual Studio 15
VisualStudioVersion = 15.0.28307.1622
MinimumVisualStudioVersion = 10.0.40219.1
Project("{FAE04EC0-301F-11D3-BF4B-00C04F79EFBC}") = "Photo Viewer", "Photo Viewer\Photo Viewer.csproj", "{1F0A20F9-84D2-4E8D-A1EE-EE7DC104B9E9}"
EndProject
Project("{FAE04EC0-301F-11D3-BF4B-00C04F79EFBC}") = "Photo Viewer Setup", "Photo Viewer Setup\Photo Viewer Setup.csproj", "{8AF66EA9-30AA-4921-98DF-15660E1B756E}"
EndProject
Global
	GlobalSection(SolutionConfigurationPlatforms) = preSolution
		All|Any CPU = All|Any CPU
		All|x64 = All|x64
		All|x86 = All|x86
		Debug|Any CPU = Debug|Any CPU
		Debug|x64 = Debug|x64
		Debug|x86 = Debug|x86
		DefaultBuild|Any CPU = DefaultBuild|Any CPU
		DefaultBuild|x64 = DefaultBuild|x64
		DefaultBuild|x86 = DefaultBuild|x86
		Release|Any CPU = Release|Any CPU
		Release|x64 = Release|x64
		Release|x86 = Release|x86
	EndGlobalSection
	GlobalSection(ProjectConfigurationPlatforms) = postSolution
		{1F0A20F9-84D2-4E8D-A1EE-EE7DC104B9E9}.All|Any CPU.ActiveCfg = Release|Any CPU
		{1F0A20F9-84D2-4E8D-A1EE-EE7DC104B9E9}.All|Any CPU.Build.0 = Release|Any CPU
		{1F0A20F9-84D2-4E8D-A1EE-EE7DC104B9E9}.All|x64.ActiveCfg = Release|x64
		{1F0A20F9-84D2-4E8D-A1EE-EE7DC104B9E9}.All|x64.Build.0 = Release|x64
		{1F0A20F9-84D2-4E8D-A1EE-EE7DC104B9E9}.All|x86.ActiveCfg = Release|Any CPU
		{1F0A20F9-84D2-4E8D-A1EE-EE7DC104B9E9}.All|x86.Build.0 = Release|Any CPU
		{1F0A20F9-84D2-4E8D-A1EE-EE7DC104B9E9}.Debug|Any CPU.ActiveCfg = Debug|Any CPU
		{1F0A20F9-84D2-4E8D-A1EE-EE7DC104B9E9}.Debug|Any CPU.Build.0 = Debug|Any CPU
		{1F0A20F9-84D2-4E8D-A1EE-EE7DC104B9E9}.Debug|x64.ActiveCfg = Debug|x64
		{1F0A20F9-84D2-4E8D-A1EE-EE7DC104B9E9}.Debug|x64.Build.0 = Debug|x64
		{1F0A20F9-84D2-4E8D-A1EE-EE7DC104B9E9}.Debug|x86.ActiveCfg = Debug|x64
		{1F0A20F9-84D2-4E8D-A1EE-EE7DC104B9E9}.Debug|x86.Build.0 = Debug|x64
		{1F0A20F9-84D2-4E8D-A1EE-EE7DC104B9E9}.DefaultBuild|Any CPU.ActiveCfg = Debug|Any CPU
		{1F0A20F9-84D2-4E8D-A1EE-EE7DC104B9E9}.DefaultBuild|Any CPU.Build.0 = Debug|Any CPU
		{1F0A20F9-84D2-4E8D-A1EE-EE7DC104B9E9}.DefaultBuild|x64.ActiveCfg = Debug|x64
		{1F0A20F9-84D2-4E8D-A1EE-EE7DC104B9E9}.DefaultBuild|x64.Build.0 = Debug|x64
		{1F0A20F9-84D2-4E8D-A1EE-EE7DC104B9E9}.DefaultBuild|x86.ActiveCfg = Debug|Any CPU
		{1F0A20F9-84D2-4E8D-A1EE-EE7DC104B9E9}.DefaultBuild|x86.Build.0 = Debug|Any CPU
		{1F0A20F9-84D2-4E8D-A1EE-EE7DC104B9E9}.Release|Any CPU.ActiveCfg = Release|Any CPU
		{1F0A20F9-84D2-4E8D-A1EE-EE7DC104B9E9}.Release|Any CPU.Build.0 = Release|Any CPU
		{1F0A20F9-84D2-4E8D-A1EE-EE7DC104B9E9}.Release|x64.ActiveCfg = Release|x64
		{1F0A20F9-84D2-4E8D-A1EE-EE7DC104B9E9}.Release|x64.Build.0 = Release|x64
		{1F0A20F9-84D2-4E8D-A1EE-EE7DC104B9E9}.Release|x86.ActiveCfg = Release|Any CPU
		{1F0A20F9-84D2-4E8D-A1EE-EE7DC104B9E9}.Release|x86.Build.0 = Release|Any CPU
		{8AF66EA9-30AA-4921-98DF-15660E1B756E}.All|Any CPU.ActiveCfg = Release|Any CPU
		{8AF66EA9-30AA-4921-98DF-15660E1B756E}.All|Any CPU.Build.0 = Release|Any CPU
		{8AF66EA9-30AA-4921-98DF-15660E1B756E}.All|x64.ActiveCfg = Release|Any CPU
		{8AF66EA9-30AA-4921-98DF-15660E1B756E}.All|x64.Build.0 = Release|Any CPU
		{8AF66EA9-30AA-4921-98DF-15660E1B756E}.All|x86.ActiveCfg = Release|Any CPU
		{8AF66EA9-30AA-4921-98DF-15660E1B756E}.All|x86.Build.0 = Release|Any CPU
		{8AF66EA9-30AA-4921-98DF-15660E1B756E}.Debug|Any CPU.ActiveCfg = Debug|Any CPU
		{8AF66EA9-30AA-4921-98DF-15660E1B756E}.Debug|x64.ActiveCfg = Debug|Any CPU
		{8AF66EA9-30AA-4921-98DF-15660E1B756E}.Debug|x64.Build.0 = Debug|Any CPU
		{8AF66EA9-30AA-4921-98DF-15660E1B756E}.Debug|x86.ActiveCfg = Debug|Any CPU
		{8AF66EA9-30AA-4921-98DF-15660E1B756E}.Debug|x86.Build.0 = Debug|Any CPU
		{8AF66EA9-30AA-4921-98DF-15660E1B756E}.DefaultBuild|Any CPU.ActiveCfg = Debug|Any CPU
		{8AF66EA9-30AA-4921-98DF-15660E1B756E}.DefaultBuild|Any CPU.Build.0 = Debug|Any CPU
		{8AF66EA9-30AA-4921-98DF-15660E1B756E}.DefaultBuild|x64.ActiveCfg = Debug|Any CPU
		{8AF66EA9-30AA-4921-98DF-15660E1B756E}.DefaultBuild|x64.Build.0 = Debug|Any CPU
		{8AF66EA9-30AA-4921-98DF-15660E1B756E}.DefaultBuild|x86.ActiveCfg = Debug|Any CPU
		{8AF66EA9-30AA-4921-98DF-15660E1B756E}.DefaultBuild|x86.Build.0 = Debug|Any CPU
		{8AF66EA9-30AA-4921-98DF-15660E1B756E}.Release|Any CPU.ActiveCfg = Release|Any CPU
		{8AF66EA9-30AA-4921-98DF-15660E1B756E}.Release|Any CPU.Build.0 = Release|Any CPU
		{8AF66EA9-30AA-4921-98DF-15660E1B756E}.Release|x64.ActiveCfg = Release|Any CPU
		{8AF66EA9-30AA-4921-98DF-15660E1B756E}.Release|x64.Build.0 = Release|Any CPU
		{8AF66EA9-30AA-4921-98DF-15660E1B756E}.Release|x86.ActiveCfg = Release|Any CPU
		{8AF66EA9-30AA-4921-98DF-15660E1B756E}.Release|x86.Build.0 = Release|Any CPU
	EndGlobalSection
	GlobalSection(SolutionProperties) = preSolution
		HideSolutionNode = FALSE
	EndGlobalSection
	GlobalSection(ExtensibilityGlobals) = postSolution
		SolutionGuid = {7ADBC3C2-F6A2-4617-8A19-E0AC9B10E013}
	EndGlobalSection
EndGlobal
